
Microsoft Visual Studio Solution File, Format Version 12.00
# Visual Studio Version 16
VisualStudioVersion = 16.0.29709.97
MinimumVisualStudioVersion = 10.0.40219.1
Project("{FAE04EC0-301F-11D3-BF4B-00C04F79EFBC}") = "SERF", "SERF\SERF.csproj", "{64EE41BA-64AF-4ECB-86F3-C5B89C179D7F}"
EndProject
Global
	GlobalSection(SolutionConfigurationPlatforms) = preSolution
		Debug|Any CPU = Debug|Any CPU
		Release|Any CPU = Release|Any CPU
	EndGlobalSection
	GlobalSection(ProjectConfigurationPlatforms) = postSolution
		{64EE41BA-64AF-4ECB-86F3-C5B89C179D7F}.Debug|Any CPU.ActiveCfg = Debug|Any CPU
		{64EE41BA-64AF-4ECB-86F3-C5B89C179D7F}.Debug|Any CPU.Build.0 = Debug|Any CPU
		{64EE41BA-64AF-4ECB-86F3-C5B89C179D7F}.Release|Any CPU.ActiveCfg = Release|Any CPU
		{64EE41BA-64AF-4ECB-86F3-C5B89C179D7F}.Release|Any CPU.Build.0 = Release|Any CPU
	EndGlobalSection
	GlobalSection(SolutionProperties) = preSolution
		HideSolutionNode = FALSE
	EndGlobalSection
	GlobalSection(ExtensibilityGlobals) = postSolution
		SolutionGuid = {1FA18906-95AA-4529-BF25-0E663ED23C0E}
	EndGlobalSection
EndGlobal
